// !$*UTF8*$!
{
	archiveVersion = 1;
	classes = {
	};
	objectVersion = 56;
	objects = {

/* Begin PBXBuildFile section */
		427DAB578D08980E71C04AF8 /* noteLlmApp.swift in Sources */ = {isa = PBXBuildFile; fileRef = 34CD21203C6CE734286EE195 /* noteLlmApp.swift */; };
		6DFB59949CCCE2AF97A96734 /* Preview Assets.xcassets in Resources */ = {isa = PBXBuildFile; fileRef = EB4BB0259D7A896B140FE04A /* Preview Assets.xcassets */; };
		BB0001000000000000000001 /* AppState.swift in Sources */ = {isa = PBXBuildFile; fileRef = AA0001000000000000000001 /* AppState.swift */; };
		BB0002000000000000000001 /* Note.swift in Sources */ = {isa = PBXBuildFile; fileRef = AA0002000000000000000001 /* Note.swift */; };
		BB0003000000000000000001 /* LLMServiceProtocol.swift in Sources */ = {isa = PBXBuildFile; fileRef = AA0003000000000000000001 /* LLMServiceProtocol.swift */; };
		BB0004000000000000000001 /* LocalLLMService.swift in Sources */ = {isa = PBXBuildFile; fileRef = AA0004000000000000000001 /* LocalLLMService.swift */; };
		BB0005000000000000000001 /* NoteService.swift in Sources */ = {isa = PBXBuildFile; fileRef = AA0005000000000000000001 /* NoteService.swift */; };
		BB0006000000000000000001 /* PromptBuilder.swift in Sources */ = {isa = PBXBuildFile; fileRef = AA0006000000000000000001 /* PromptBuilder.swift */; };
		BB0007000000000000000001 /* AIViewModel.swift in Sources */ = {isa = PBXBuildFile; fileRef = AA0007000000000000000001 /* AIViewModel.swift */; };
		BB0008000000000000000001 /* NoteViewModel.swift in Sources */ = {isa = PBXBuildFile; fileRef = AA0008000000000000000001 /* NoteViewModel.swift */; };
		BB0009000000000000000001 /* AIPanelView.swift in Sources */ = {isa = PBXBuildFile; fileRef = AA0009000000000000000001 /* AIPanelView.swift */; };
		BB000A000000000000000001 /* HistoryView.swift in Sources */ = {isa = PBXBuildFile; fileRef = AA000A000000000000000001 /* HistoryView.swift */; };
		BB000B000000000000000001 /* ModelDownloadView.swift in Sources */ = {isa = PBXBuildFile; fileRef = AA000B000000000000000001 /* ModelDownloadView.swift */; };
		BB000C000000000000000001 /* NoteEditorView.swift in Sources */ = {isa = PBXBuildFile; fileRef = AA000C000000000000000001 /* NoteEditorView.swift */; };
		BB000D000000000000000001 /* SettingsView.swift in Sources */ = {isa = PBXBuildFile; fileRef = AA000D000000000000000001 /* SettingsView.swift */; };
		D345A940103AB509648F4981 /* Assets.xcassets in Resources */ = {isa = PBXBuildFile; fileRef = 75574C6C846D0AFCF19BC880 /* Assets.xcassets */; };
		EE0001000000000000000001 /* LocalLLMClient in Frameworks */ = {isa = PBXBuildFile; productRef = DD0002000000000000000001 /* LocalLLMClient */; };
		EE0002000000000000000001 /* LocalLLMClientMLX in Frameworks */ = {isa = PBXBuildFile; productRef = DD0003000000000000000001 /* LocalLLMClientMLX */; };
		EF9ADF4FF18361459A5B55E0 /* ContentView.swift in Sources */ = {isa = PBXBuildFile; fileRef = 0939AE8E017851F3174FA386 /* ContentView.swift */; };
/* End PBXBuildFile section */

/* Begin PBXFileReference section */
		041A80C349E835A83C02E318 /* noteLlm.app */ = {isa = PBXFileReference; explicitFileType = wrapper.application; includeInIndex = 0; path = noteLlm.app; sourceTree = BUILT_PRODUCTS_DIR; };
		0939AE8E017851F3174FA386 /* ContentView.swift */ = {isa = PBXFileReference; lastKnownFileType = sourcecode.swift; path = ContentView.swift; sourceTree = "<group>"; };
		34CD21203C6CE734286EE195 /* noteLlmApp.swift */ = {isa = PBXFileReference; lastKnownFileType = sourcecode.swift; path = noteLlmApp.swift; sourceTree = "<group>"; };
		75574C6C846D0AFCF19BC880 /* Assets.xcassets */ = {isa = PBXFileReference; lastKnownFileType = folder.assetcatalog; path = Assets.xcassets; sourceTree = "<group>"; };
		AA0001000000000000000001 /* AppState.swift */ = {isa = PBXFileReference; lastKnownFileType = sourcecode.swift; path = AppState.swift; sourceTree = "<group>"; };
		AA0002000000000000000001 /* Note.swift */ = {isa = PBXFileReference; lastKnownFileType = sourcecode.swift; path = Note.swift; sourceTree = "<group>"; };
		AA0003000000000000000001 /* LLMServiceProtocol.swift */ = {isa = PBXFileReference; lastKnownFileType = sourcecode.swift; path = LLMServiceProtocol.swift; sourceTree = "<group>"; };
		AA0004000000000000000001 /* LocalLLMService.swift */ = {isa = PBXFileReference; lastKnownFileType = sourcecode.swift; path = LocalLLMService.swift; sourceTree = "<group>"; };
		AA0005000000000000000001 /* NoteService.swift */ = {isa = PBXFileReference; lastKnownFileType = sourcecode.swift; path = NoteService.swift; sourceTree = "<group>"; };
		AA0006000000000000000001 /* PromptBuilder.swift */ = {isa = PBXFileReference; lastKnownFileType = sourcecode.swift; path = PromptBuilder.swift; sourceTree = "<group>"; };
		AA0007000000000000000001 /* AIViewModel.swift */ = {isa = PBXFileReference; lastKnownFileType = sourcecode.swift; path = AIViewModel.swift; sourceTree = "<group>"; };
		AA0008000000000000000001 /* NoteViewModel.swift */ = {isa = PBXFileReference; lastKnownFileType = sourcecode.swift; path = NoteViewModel.swift; sourceTree = "<group>"; };
		AA0009000000000000000001 /* AIPanelView.swift */ = {isa = PBXFileReference; lastKnownFileType = sourcecode.swift; path = AIPanelView.swift; sourceTree = "<group>"; };
		AA000A000000000000000001 /* HistoryView.swift */ = {isa = PBXFileReference; lastKnownFileType = sourcecode.swift; path = HistoryView.swift; sourceTree = "<group>"; };
		AA000B000000000000000001 /* ModelDownloadView.swift */ = {isa = PBXFileReference; lastKnownFileType = sourcecode.swift; path = ModelDownloadView.swift; sourceTree = "<group>"; };
		AA000C000000000000000001 /* NoteEditorView.swift */ = {isa = PBXFileReference; lastKnownFileType = sourcecode.swift; path = NoteEditorView.swift; sourceTree = "<group>"; };
		AA000D000000000000000001 /* SettingsView.swift */ = {isa = PBXFileReference; lastKnownFileType = sourcecode.swift; path = SettingsView.swift; sourceTree = "<group>"; };
		EB4BB0259D7A896B140FE04A /* Preview Assets.xcassets */ = {isa = PBXFileReference; lastKnownFileType = folder.assetcatalog; path = "Preview Assets.xcassets"; sourceTree = "<group>"; };
/* End PBXFileReference section */

/* Begin PBXFrameworksBuildPhase section */
		5069DE8E5DFC97FEFC1844E4 /* Frameworks */ = {
			isa = PBXFrameworksBuildPhase;
			buildActionMask = 2147483647;
			files = (
				EE0001000000000000000001 /* LocalLLMClient in Frameworks */,
				EE0002000000000000000001 /* LocalLLMClientMLX in Frameworks */,
			);
			runOnlyForDeploymentPostprocessing = 0;
		};
/* End PBXFrameworksBuildPhase section */

/* Begin PBXGroup section */
		2E39381FD5212A542F7CFEF0 /* Preview Content */ = {
			isa = PBXGroup;
			children = (
				EB4BB0259D7A896B140FE04A /* Preview Assets.xcassets */,
			);
			path = "Preview Content";
			sourceTree = "<group>";
		};
		323D8115E0F49B8B5DE83293 /* noteLlm */ = {
			isa = PBXGroup;
			children = (
				CC0001000000000000000001 /* App */,
				CC0002000000000000000001 /* Models */,
				CC0003000000000000000001 /* Services */,
				CC0004000000000000000001 /* ViewModels */,
				CC0005000000000000000001 /* Views */,
				34CD21203C6CE734286EE195 /* noteLlmApp.swift */,
				0939AE8E017851F3174FA386 /* ContentView.swift */,
				75574C6C846D0AFCF19BC880 /* Assets.xcassets */,
				2E39381FD5212A542F7CFEF0 /* Preview Content */,
			);
			path = noteLlm;
			sourceTree = "<group>";
		};
		82B079E207D4D62E801B60E2 = {
			isa = PBXGroup;
			children = (
				323D8115E0F49B8B5DE83293 /* noteLlm */,
				E1A6C05452931F348EB8928B /* Products */,
			);
			sourceTree = "<group>";
		};
		CC0001000000000000000001 /* App */ = {
			isa = PBXGroup;
			children = (
				AA0001000000000000000001 /* AppState.swift */,
			);
			path = App;
			sourceTree = "<group>";
		};
		CC0002000000000000000001 /* Models */ = {
			isa = PBXGroup;
			children = (
				AA0002000000000000000001 /* Note.swift */,
			);
			path = Models;
			sourceTree = "<group>";
		};
		CC0003000000000000000001 /* Services */ = {
			isa = PBXGroup;
			children = (
				AA0003000000000000000001 /* LLMServiceProtocol.swift */,
				AA0004000000000000000001 /* LocalLLMService.swift */,
				AA0005000000000000000001 /* NoteService.swift */,
				AA0006000000000000000001 /* PromptBuilder.swift */,
			);
			path = Services;
			sourceTree = "<group>";
		};
		CC0004000000000000000001 /* ViewModels */ = {
			isa = PBXGroup;
			children = (
				AA0007000000000000000001 /* AIViewModel.swift */,
				AA0008000000000000000001 /* NoteViewModel.swift */,
			);
			path = ViewModels;
			sourceTree = "<group>";
		};
		CC0005000000000000000001 /* Views */ = {
			isa = PBXGroup;
			children = (
				AA0009000000000000000001 /* AIPanelView.swift */,
				AA000A000000000000000001 /* HistoryView.swift */,
				AA000B000000000000000001 /* ModelDownloadView.swift */,
				AA000C000000000000000001 /* NoteEditorView.swift */,
				AA000D000000000000000001 /* SettingsView.swift */,
			);
			path = Views;
			sourceTree = "<group>";
		};
		E1A6C05452931F348EB8928B /* Products */ = {
			isa = PBXGroup;
			children = (
				041A80C349E835A83C02E318 /* noteLlm.app */,
			);
			name = Products;
			sourceTree = "<group>";
		};
/* End PBXGroup section */

/* Begin PBXNativeTarget section */
		323D8115E0F49B8B5DE83293T /* noteLlm */ = {
			isa = PBXNativeTarget;
			buildConfigurationList = 817C12C7A9986F0B4B75E475 /* Build configuration list for PBXNativeTarget "noteLlm" */;
			buildPhases = (
				7D258412627EED332F5689D7 /* Sources */,
				5069DE8E5DFC97FEFC1844E4 /* Frameworks */,
				E3C6AD1F68A2D09BAF49E5EE /* Resources */,
			);
			buildRules = (
			);
			dependencies = (
			);
			name = noteLlm;
			packageProductDependencies = (
				DD0002000000000000000001 /* LocalLLMClient */,
				DD0003000000000000000001 /* LocalLLMClientMLX */,
			);
			productName = noteLlm;
			productReference = 041A80C349E835A83C02E318 /* noteLlm.app */;
			productType = "com.apple.product-type.application";
		};
/* End PBXNativeTarget section */

/* Begin PBXProject section */
		22023131B197D94B570AB7A6 /* Project object */ = {
			isa = PBXProject;
			attributes = {
				BuildIndependentTargetsInParallel = 1;
				LastSwiftUpdateCheck = 1540;
				LastUpgradeCheck = 1540;
				TargetAttributes = {
					323D8115E0F49B8B5DE83293T = {
						CreatedOnToolsVersion = 15.4;
					};
				};
			};
			buildConfigurationList = E1A6C05452931F348EB8928B2 /* Build configuration list for PBXProject "noteLlm" */;
			compatibilityVersion = "Xcode 14.0";
			developmentRegion = en;
			hasScannedForEncodings = 0;
			knownRegions = (
				en,
				Base,
			);
			mainGroup = 82B079E207D4D62E801B60E2;
			packageReferences = (
				DD0001000000000000000001 /* XCRemoteSwiftPackageReference "LocalLLMClient" */,
				DD0007000000000000000001 /* XCRemoteSwiftPackageReference "mlx-swift-examples" */,
			);
			productRefGroup = E1A6C05452931F348EB8928B /* Products */;
			projectDirPath = "";
			projectRoot = "";
			targets = (
				323D8115E0F49B8B5DE83293T /* noteLlm */,
			);
		};
/* End PBXProject section */

/* Begin PBXResourcesBuildPhase section */
		E3C6AD1F68A2D09BAF49E5EE /* Resources */ = {
			isa = PBXResourcesBuildPhase;
			buildActionMask = 2147483647;
			files = (
				6DFB59949CCCE2AF97A96734 /* Preview Assets.xcassets in Resources */,
				D345A940103AB509648F4981 /* Assets.xcassets in Resources */,
			);
			runOnlyForDeploymentPostprocessing = 0;
		};
/* End PBXResourcesBuildPhase section */

/* Begin PBXSourcesBuildPhase section */
		7D258412627EED332F5689D7 /* Sources */ = {
			isa = PBXSourcesBuildPhase;
			buildActionMask = 2147483647;
			files = (
				EF9ADF4FF18361459A5B55E0 /* ContentView.swift in Sources */,
				427DAB578D08980E71C04AF8 /* noteLlmApp.swift in Sources */,
				BB0001000000000000000001 /* AppState.swift in Sources */,
				BB0002000000000000000001 /* Note.swift in Sources */,
				BB0003000000000000000001 /* LLMServiceProtocol.swift in Sources */,
				BB0004000000000000000001 /* LocalLLMService.swift in Sources */,
				BB0005000000000000000001 /* NoteService.swift in Sources */,
				BB0006000000000000000001 /* PromptBuilder.swift in Sources */,
				BB0007000000000000000001 /* AIViewModel.swift in Sources */,
				BB0008000000000000000001 /* NoteViewModel.swift in Sources */,
				BB0009000000000000000001 /* AIPanelView.swift in Sources */,
				BB000A000000000000000001 /* HistoryView.swift in Sources */,
				BB000B000000000000000001 /* ModelDownloadView.swift in Sources */,
				BB000C000000000000000001 /* NoteEditorView.swift in Sources */,
				BB000D000000000000000001 /* SettingsView.swift in Sources */,
			);
			runOnlyForDeploymentPostprocessing = 0;
		};
/* End PBXSourcesBuildPhase section */

/* Begin XCBuildConfiguration section */
		1260F536F02ACCDA0AAA4DB4 /* Release */ = {
			isa = XCBuildConfiguration;
			buildSettings = {
				ASSETCATALOG_COMPILER_APPICON_NAME = AppIcon;
				ASSETCATALOG_COMPILER_GLOBAL_ACCENT_COLOR_NAME = AccentColor;
				CODE_SIGN_STYLE = Automatic;
				CURRENT_PROJECT_VERSION = 1;
				DEVELOPMENT_ASSET_PATHS = "\"noteLlm/Preview Content\"";
				DEVELOPMENT_TEAM = 2XR666D9B2;
				ENABLE_PREVIEWS = YES;
				GENERATE_INFOPLIST_FILE = YES;
				INFOPLIST_KEY_UIApplicationSceneManifest_Generation = YES;
				INFOPLIST_KEY_UIApplicationSupportsIndirectInputEvents = YES;
				INFOPLIST_KEY_UILaunchScreen_Generation = YES;
				INFOPLIST_KEY_UISupportedInterfaceOrientations_iPad = "UIInterfaceOrientationLandscapeLeft UIInterfaceOrientationLandscapeRight UIInterfaceOrientationPortrait UIInterfaceOrientationPortraitUpsideDown";
				INFOPLIST_KEY_UISupportedInterfaceOrientations_iPhone = "UIInterfaceOrientationLandscapeLeft UIInterfaceOrientationLandscapeRight UIInterfaceOrientationPortrait";
				LD_RUNPATH_SEARCH_PATHS = (
					"$(inherited)",
					"@executable_path/Frameworks",
				);
				MARKETING_VERSION = 1.0;
				PRODUCT_BUNDLE_IDENTIFIER = com.notellm;
				PRODUCT_NAME = "$(TARGET_NAME)";
				SWIFT_EMIT_LOC_STRINGS = YES;
				SWIFT_VERSION = 5.0;
				TARGETED_DEVICE_FAMILY = "1,2";
			};
			name = Release;
		};
		2E39381FD5212A542F7CFEF02 /* Debug */ = {
			isa = XCBuildConfiguration;
			buildSettings = {
				ASSETCATALOG_COMPILER_APPICON_NAME = AppIcon;
				ASSETCATALOG_COMPILER_GLOBAL_ACCENT_COLOR_NAME = AccentColor;
				CODE_SIGN_STYLE = Automatic;
				CURRENT_PROJECT_VERSION = 1;
				DEVELOPMENT_ASSET_PATHS = "\"noteLlm/Preview Content\"";
				DEVELOPMENT_TEAM = 2XR666D9B2;
				ENABLE_PREVIEWS = YES;
				GENERATE_INFOPLIST_FILE = YES;
				INFOPLIST_KEY_UIApplicationSceneManifest_Generation = YES;
				INFOPLIST_KEY_UIApplicationSupportsIndirectInputEvents = YES;
				INFOPLIST_KEY_UILaunchScreen_Generation = YES;
				INFOPLIST_KEY_UISupportedInterfaceOrientations_iPad = "UIInterfaceOrientationLandscapeLeft UIInterfaceOrientationLandscapeRight UIInterfaceOrientationPortrait UIInterfaceOrientationPortraitUpsideDown";
				INFOPLIST_KEY_UISupportedInterfaceOrientations_iPhone = "UIInterfaceOrientationLandscapeLeft UIInterfaceOrientationLandscapeRight UIInterfaceOrientationPortrait";
				LD_RUNPATH_SEARCH_PATHS = (
					"$(inherited)",
					"@executable_path/Frameworks",
				);
				MARKETING_VERSION = 1.0;
				PRODUCT_BUNDLE_IDENTIFIER = com.notellm;
				PRODUCT_NAME = "$(TARGET_NAME)";
				SWIFT_EMIT_LOC_STRINGS = YES;
				SWIFT_VERSION = 5.0;
				TARGETED_DEVICE_FAMILY = "1,2";
			};
			name = Debug;
		};
		986D41924EF189593D1CE063 /* Release */ = {
			isa = XCBuildConfiguration;
			buildSettings = {
				ALWAYS_SEARCH_USER_PATHS = NO;
				ASSETCATALOG_COMPILER_GENERATE_SWIFT_ASSET_SYMBOL_EXTENSIONS = YES;
				CLANG_ANALYZER_NONNULL = YES;
				CLANG_ANALYZER_NUMBER_OBJECT_CONVERSION = YES_AGGRESSIVE;
				CLANG_CXX_LANGUAGE_STANDARD = "gnu++20";
				CLANG_ENABLE_MODULES = YES;
				CLANG_ENABLE_OBJC_ARC = YES;
				CLANG_ENABLE_OBJC_WEAK = YES;
				CLANG_WARN_BLOCK_CAPTURE_AUTORELEASING = YES;
				CLANG_WARN_BOOL_CONVERSION = YES;
				CLANG_WARN_COMMA = YES;
				CLANG_WARN_CONSTANT_CONVERSION = YES;
				CLANG_WARN_DEPRECATED_OBJC_IMPLEMENTATIONS = YES;
				CLANG_WARN_DIRECT_OBJC_ISA_USAGE = YES_ERROR;
				CLANG_WARN_DOCUMENTATION_COMMENTS = YES;
				CLANG_WARN_EMPTY_BODY = YES;
				CLANG_WARN_ENUM_CONVERSION = YES;
				CLANG_WARN_INFINITE_LOOPS = YES;
				CLANG_WARN_INT_CONVERSION = YES;
				CLANG_WARN_NON_LITERAL_NULL_CONVERSION = YES;
				CLANG_WARN_OBJC_IMPLICIT_RETAIN_SELF = YES;
				CLANG_WARN_OBJC_LITERAL_CONVERSION = YES;
				CLANG_WARN_OBJC_ROOT_CLASS = YES_ERROR;
				CLANG_WARN_QUOTED_INCLUDE_IN_FRAMEWORK_HEADER = YES;
				CLANG_WARN_RANGE_LOOP_ANALYSIS = YES;
				CLANG_WARN_STRICT_PROTOTYPES = YES;
				CLANG_WARN_SUSPICIOUS_MOVE = YES;
				CLANG_WARN_UNGUARDED_AVAILABILITY = YES_AGGRESSIVE;
				CLANG_WARN_UNREACHABLE_CODE = YES;
				CLANG_WARN__DUPLICATE_METHOD_MATCH = YES;
				COPY_PHASE_STRIP = NO;
				DEBUG_INFORMATION_FORMAT = "dwarf-with-dsym";
				ENABLE_NS_ASSERTIONS = NO;
				ENABLE_STRICT_OBJC_MSGSEND = YES;
				ENABLE_USER_SCRIPT_SANDBOXING = YES;
				GCC_C_LANGUAGE_STANDARD = gnu17;
				GCC_NO_COMMON_BLOCKS = YES;
				GCC_WARN_64_TO_32_BIT_CONVERSION = YES;
				GCC_WARN_ABOUT_RETURN_TYPE = YES_ERROR;
				GCC_WARN_UNDECLARED_SELECTOR = YES;
				GCC_WARN_UNINITIALIZED_AUTOS = YES_AGGRESSIVE;
				GCC_WARN_UNUSED_FUNCTION = YES;
				GCC_WARN_UNUSED_VARIABLE = YES;
				IPHONEOS_DEPLOYMENT_TARGET = 17.0;
				MTL_FAST_MATH = YES;
				SDKROOT = iphoneos;
				SWIFT_COMPILATION_MODE = wholemodule;
				VALIDATE_PRODUCT = YES;
			};
			name = Release;
		};
		D4A1D8A037CC3AD037DFC4B1 /* Debug */ = {
			isa = XCBuildConfiguration;
			buildSettings = {
				ALWAYS_SEARCH_USER_PATHS = NO;
				ASSETCATALOG_COMPILER_GENERATE_SWIFT_ASSET_SYMBOL_EXTENSIONS = YES;
				CLANG_ANALYZER_NONNULL = YES;
				CLANG_ANALYZER_NUMBER_OBJECT_CONVERSION = YES_AGGRESSIVE;
				CLANG_CXX_LANGUAGE_STANDARD = "gnu++20";
				CLANG_ENABLE_MODULES = YES;
				CLANG_ENABLE_OBJC_ARC = YES;
				CLANG_ENABLE_OBJC_WEAK = YES;
				CLANG_WARN_BLOCK_CAPTURE_AUTORELEASING = YES;
				CLANG_WARN_BOOL_CONVERSION = YES;
				CLANG_WARN_COMMA = YES;
				CLANG_WARN_CONSTANT_CONVERSION = YES;
				CLANG_WARN_DEPRECATED_OBJC_IMPLEMENTATIONS = YES;
				CLANG_WARN_DIRECT_OBJC_ISA_USAGE = YES_ERROR;
				CLANG_WARN_DOCUMENTATION_COMMENTS = YES;
				CLANG_WARN_EMPTY_BODY = YES;
				CLANG_WARN_ENUM_CONVERSION = YES;
				CLANG_WARN_INFINITE_LOOPS = YES;
				CLANG_WARN_INT_CONVERSION = YES;
				CLANG_WARN_NON_LITERAL_NULL_CONVERSION = YES;
				CLANG_WARN_OBJC_IMPLICIT_RETAIN_SELF = YES;
				CLANG_WARN_OBJC_LITERAL_CONVERSION = YES;
				CLANG_WARN_OBJC_ROOT_CLASS = YES_ERROR;
				CLANG_WARN_QUOTED_INCLUDE_IN_FRAMEWORK_HEADER = YES;
				CLANG_WARN_RANGE_LOOP_ANALYSIS = YES;
				CLANG_WARN_STRICT_PROTOTYPES = YES;
				CLANG_WARN_SUSPICIOUS_MOVE = YES;
				CLANG_WARN_UNGUARDED_AVAILABILITY = YES_AGGRESSIVE;
				CLANG_WARN_UNREACHABLE_CODE = YES;
				CLANG_WARN__DUPLICATE_METHOD_MATCH = YES;
				COPY_PHASE_STRIP = NO;
				DEBUG_INFORMATION_FORMAT = dwarf;
				ENABLE_STRICT_OBJC_MSGSEND = YES;
				ENABLE_TESTABILITY = YES;
				ENABLE_USER_SCRIPT_SANDBOXING = YES;
				GCC_C_LANGUAGE_STANDARD = gnu17;
				GCC_DYNAMIC_NO_PIC = NO;
				GCC_NO_COMMON_BLOCKS = YES;
				GCC_OPTIMIZATION_LEVEL = 0;
				GCC_PREPROCESSOR_DEFINITIONS = (
					"DEBUG=1",
					"$(inherited)",
				);
				GCC_WARN_64_TO_32_BIT_CONVERSION = YES;
				GCC_WARN_ABOUT_RETURN_TYPE = YES_ERROR;
				GCC_WARN_UNDECLARED_SELECTOR = YES;
				GCC_WARN_UNINITIALIZED_AUTOS = YES_AGGRESSIVE;
				GCC_WARN_UNUSED_FUNCTION = YES;
				GCC_WARN_UNUSED_VARIABLE = YES;
				IPHONEOS_DEPLOYMENT_TARGET = 17.0;
				MTL_ENABLE_DEBUG_INFO = INCLUDE_SOURCE;
				MTL_FAST_MATH = YES;
				ONLY_ACTIVE_ARCH = YES;
				SDKROOT = iphoneos;
				SWIFT_ACTIVE_COMPILATION_CONDITIONS = "DEBUG $(inherited)";
				SWIFT_OPTIMIZATION_LEVEL = "-Onone";
			};
			name = Debug;
		};
/* End XCBuildConfiguration section */

/* Begin XCConfigurationList section */
		817C12C7A9986F0B4B75E475 /* Build configuration list for PBXNativeTarget "noteLlm" */ = {
			isa = XCConfigurationList;
			buildConfigurations = (
				2E39381FD5212A542F7CFEF02 /* Debug */,
				1260F536F02ACCDA0AAA4DB4 /* Release */,
			);
			defaultConfigurationIsVisible = 0;
			defaultConfigurationName = Release;
		};
		E1A6C05452931F348EB8928B2 /* Build configuration list for PBXProject "noteLlm" */ = {
			isa = XCConfigurationList;
			buildConfigurations = (
				D4A1D8A037CC3AD037DFC4B1 /* Debug */,
				986D41924EF189593D1CE063 /* Release */,
			);
			defaultConfigurationIsVisible = 0;
			defaultConfigurationName = Release;
		};
/* End XCConfigurationList section */

/* Begin XCRemoteSwiftPackageReference section */
		DD0001000000000000000001 /* XCRemoteSwiftPackageReference "LocalLLMClient" */ = {
			isa = XCRemoteSwiftPackageReference;
			repositoryURL = "https://github.com/tattn/LocalLLMClient";
			requirement = {
				kind = revision;
				revision = 085e28774c978d7e71b358431e5c81aed363e006;
			};
		};
		DD0007000000000000000001 /* XCRemoteSwiftPackageReference "mlx-swift-examples" */ = {
			isa = XCRemoteSwiftPackageReference;
			repositoryURL = "https://github.com/ml-explore/mlx-swift-examples";
			requirement = {
				kind = revision;
				revision = b071763;
			};
		};
/* End XCRemoteSwiftPackageReference section */

/* Begin XCSwiftPackageProductDependency section */
		DD0002000000000000000001 /* LocalLLMClient */ = {
			isa = XCSwiftPackageProductDependency;
			package = DD0001000000000000000001 /* XCRemoteSwiftPackageReference "LocalLLMClient" */;
			productName = LocalLLMClient;
		};
		DD0003000000000000000001 /* LocalLLMClientMLX */ = {
			isa = XCSwiftPackageProductDependency;
			package = DD0001000000000000000001 /* XCRemoteSwiftPackageReference "LocalLLMClient" */;
			productName = LocalLLMClientMLX;
		};
/* End XCSwiftPackageProductDependency section */
	};
	rootObject = 22023131B197D94B570AB7A6 /* Project object */;
}
